PODS:
  - FBSnapshotTestCase (2.1.4):
    - FBSnapshotTestCase/SwiftSupport (= 2.1.4)
  - FBSnapshotTestCase/Core (2.1.4)
  - FBSnapshotTestCase/SwiftSupport (2.1.4):
    - FBSnapshotTestCase/Core
  - ImageCoordinateSpace (1.0.4)
  - Nimble (7.0.3)
  - Nimble-Snapshots (6.3.0):
    - Nimble-Snapshots/Core (= 6.3.0)
  - Nimble-Snapshots/Core (6.3.0):
    - FBSnapshotTestCase (~> 2.0)
    - Nimble (~> 7.0)
  - PerspectiveTransform (0.2.0)
  - Quick (1.2.0)

DEPENDENCIES:
  - ImageCoordinateSpace
  - Nimble
  - Nimble-Snapshots
  - PerspectiveTransform (from `../`)
  - Quick

EXTERNAL SOURCES:
  PerspectiveTransform:
    :path: ../

SPEC CHECKSUMS:
  FBSnapshotTestCase: 094f9f314decbabe373b87cc339bea235a63e07a
  ImageCoordinateSpace: fe599bab8787a7263b3704e185ddb86e63e4b682
  Nimble: 7f5a9c447a33002645a071bddafbfb24ea70e0ac
  Nimble-Snapshots: f5459b5b091678dc942d03ec4741cacb58ba4a52
  PerspectiveTransform: 06cb3fc8dcdf2af541d1b8fca5027767d5e8a54c
  Quick: 58d203b1c5e27fff7229c4c1ae445ad7069a7a08

PODFILE CHECKSUM: bc5819946423c49b45c66464c4cd744bcbd8378f

COCOAPODS: 1.4.0
